
Microsoft Visual Studio Solution File, Format Version 12.00
Project("{FAE04EC0-301F-11D3-BF4B-00C04F79EFBC}") = "hw_task10", "hw_task10\hw_task10.csproj", "{741D5CD6-F7FC-4E31-849C-7C9DFEF8928A}"
EndProject
Global
	GlobalSection(SolutionConfigurationPlatforms) = preSolution
		Debug|Any CPU = Debug|Any CPU
		Release|Any CPU = Release|Any CPU
	EndGlobalSection
	GlobalSection(ProjectConfigurationPlatforms) = postSolution
		{741D5CD6-F7FC-4E31-849C-7C9DFEF8928A}.Debug|Any CPU.ActiveCfg = Debug|Any CPU
		{741D5CD6-F7FC-4E31-849C-7C9DFEF8928A}.Debug|Any CPU.Build.0 = Debug|Any CPU
		{741D5CD6-F7FC-4E31-849C-7C9DFEF8928A}.Release|Any CPU.ActiveCfg = Release|Any CPU
		{741D5CD6-F7FC-4E31-849C-7C9DFEF8928A}.Release|Any CPU.Build.0 = Release|Any CPU
	EndGlobalSection
EndGlobal
